// !$*UTF8*$!
{
	archiveVersion = 1;
	classes = {
	};
	objectVersion = 56;
	objects = {

/* Begin PBXBuildFile section */
		F05214D02BAC404600270BB4 /* LogIn.swift in Sources */ = {isa = PBXBuildFile; fileRef = F05214CF2BAC404600270BB4 /* LogIn.swift */; };
		F05214D42BAC407900270BB4 /* LogInViewModel.swift in Sources */ = {isa = PBXBuildFile; fileRef = F05214D32BAC407900270BB4 /* LogInViewModel.swift */; };
		F05214DB2BAC40D500270BB4 /* Registration.swift in Sources */ = {isa = PBXBuildFile; fileRef = F05214DA2BAC40D500270BB4 /* Registration.swift */; };
		F05214DD2BAC40DF00270BB4 /* Email.swift in Sources */ = {isa = PBXBuildFile; fileRef = F05214DC2BAC40DF00270BB4 /* Email.swift */; };
		F05214DF2BAC40ED00270BB4 /* Password.swift in Sources */ = {isa = PBXBuildFile; fileRef = F05214DE2BAC40ED00270BB4 /* Password.swift */; };
		F05214E12BAC412300270BB4 /* ShortHands.swift in Sources */ = {isa = PBXBuildFile; fileRef = F05214E02BAC412300270BB4 /* ShortHands.swift */; };
		F09BD7702BB3C4EA00721777 /* timingContainer.swift in Sources */ = {isa = PBXBuildFile; fileRef = F09BD76F2BB3C4EA00721777 /* timingContainer.swift */; };
		F09BD7722BB3E89E00721777 /* TimingsView.swift in Sources */ = {isa = PBXBuildFile; fileRef = F09BD7712BB3E89E00721777 /* TimingsView.swift */; };
		F0A816CD2BB57A610085CF4C /* SideMenu.swift in Sources */ = {isa = PBXBuildFile; fileRef = F0A816CC2BB57A610085CF4C /* SideMenu.swift */; };
		F0A816CF2BB57B180085CF4C /* SideMenuHeader.swift in Sources */ = {isa = PBXBuildFile; fileRef = F0A816CE2BB57B180085CF4C /* SideMenuHeader.swift */; };
		F0AD35282BB2AABB0033C410 /* Dates.swift in Sources */ = {isa = PBXBuildFile; fileRef = F0AD35272BB2AABB0033C410 /* Dates.swift */; };
		F0AD352A2BB2C51F0033C410 /* Timings.swift in Sources */ = {isa = PBXBuildFile; fileRef = F0AD35292BB2C51F0033C410 /* Timings.swift */; };
		F0BEF47B2BB14490004EB9F6 /* AppointmentRow.swift in Sources */ = {isa = PBXBuildFile; fileRef = F0BEF47A2BB14490004EB9F6 /* AppointmentRow.swift */; };
		F0BEF47D2BB17D3B004EB9F6 /* BookAppointment.swift in Sources */ = {isa = PBXBuildFile; fileRef = F0BEF47C2BB17D3B004EB9F6 /* BookAppointment.swift */; };
		F0BEF47F2BB18236004EB9F6 /* BookViewModel.swift in Sources */ = {isa = PBXBuildFile; fileRef = F0BEF47E2BB18236004EB9F6 /* BookViewModel.swift */; };
		F0BEF4812BB182B2004EB9F6 /* Service.swift in Sources */ = {isa = PBXBuildFile; fileRef = F0BEF4802BB182B2004EB9F6 /* Service.swift */; };
		F0BEF4832BB18589004EB9F6 /* Infos.swift in Sources */ = {isa = PBXBuildFile; fileRef = F0BEF4822BB18589004EB9F6 /* Infos.swift */; };
		F0BEF4852BB18829004EB9F6 /* WardList.swift in Sources */ = {isa = PBXBuildFile; fileRef = F0BEF4842BB18829004EB9F6 /* WardList.swift */; };
		F0BEF4872BB18894004EB9F6 /* BookAppointmentService.swift in Sources */ = {isa = PBXBuildFile; fileRef = F0BEF4862BB18894004EB9F6 /* BookAppointmentService.swift */; };
		F0D58F372BB5471400F3CD22 /* String.swift in Sources */ = {isa = PBXBuildFile; fileRef = F0D58F362BB5471400F3CD22 /* String.swift */; };
		F0D58F392BB549E700F3CD22 /* NoAppointment.swift in Sources */ = {isa = PBXBuildFile; fileRef = F0D58F382BB549E700F3CD22 /* NoAppointment.swift */; };
		F0E878B12BAD9477000ADA86 /* AppointmentCard.swift in Sources */ = {isa = PBXBuildFile; fileRef = F0E878B02BAD9477000ADA86 /* AppointmentCard.swift */; };
		F0E878B32BAD9504000ADA86 /* Dummy.swift in Sources */ = {isa = PBXBuildFile; fileRef = F0E878B22BAD9504000ADA86 /* Dummy.swift */; };
		F0E878B52BAD9895000ADA86 /* LogoText.swift in Sources */ = {isa = PBXBuildFile; fileRef = F0E878B42BAD9895000ADA86 /* LogoText.swift */; };
		F0ED1E1B2BAC3F1000214C03 /* DASApp.swift in Sources */ = {isa = PBXBuildFile; fileRef = F0ED1E1A2BAC3F1000214C03 /* DASApp.swift */; };
		F0ED1E1F2BAC3F1100214C03 /* Assets.xcassets in Resources */ = {isa = PBXBuildFile; fileRef = F0ED1E1E2BAC3F1100214C03 /* Assets.xcassets */; };
		F0ED1E222BAC3F1100214C03 /* Preview Assets.xcassets in Resources */ = {isa = PBXBuildFile; fileRef = F0ED1E212BAC3F1100214C03 /* Preview Assets.xcassets */; };
		F0EF30012BAC601000BFC9AA /* WebService.swift in Sources */ = {isa = PBXBuildFile; fileRef = F0EF30002BAC601000BFC9AA /* WebService.swift */; };
		F0EF30042BAC614000BFC9AA /* SignIn.swift in Sources */ = {isa = PBXBuildFile; fileRef = F0EF30032BAC614000BFC9AA /* SignIn.swift */; };
		F0EF300B2BAD529400BFC9AA /* AppointmentsView.swift in Sources */ = {isa = PBXBuildFile; fileRef = F0EF300A2BAD529400BFC9AA /* AppointmentsView.swift */; };
		F0EF30102BAD545900BFC9AA /* Header.swift in Sources */ = {isa = PBXBuildFile; fileRef = F0EF300F2BAD545900BFC9AA /* Header.swift */; };
		F0EF30132BAD5B0900BFC9AA /* BookButton.swift in Sources */ = {isa = PBXBuildFile; fileRef = F0EF30122BAD5B0900BFC9AA /* BookButton.swift */; };
		F0EF30162BAD62F700BFC9AA /* ApointmentViewModel.swift in Sources */ = {isa = PBXBuildFile; fileRef = F0EF30152BAD62F700BFC9AA /* ApointmentViewModel.swift */; };
		F0EF30182BAD653F00BFC9AA /* Appoinments.swift in Sources */ = {isa = PBXBuildFile; fileRef = F0EF30172BAD653F00BFC9AA /* Appoinments.swift */; };
		F0EF301B2BAD69AC00BFC9AA /* GetAppointmentService.swift in Sources */ = {isa = PBXBuildFile; fileRef = F0EF301A2BAD69AC00BFC9AA /* GetAppointmentService.swift */; };
/* End PBXBuildFile section */

/* Begin PBXFileReference section */
		F05214CF2BAC404600270BB4 /* LogIn.swift */ = {isa = PBXFileReference; lastKnownFileType = sourcecode.swift; path = LogIn.swift; sourceTree = "<group>"; };
		F05214D32BAC407900270BB4 /* LogInViewModel.swift */ = {isa = PBXFileReference; lastKnownFileType = sourcecode.swift; path = LogInViewModel.swift; sourceTree = "<group>"; };
		F05214DA2BAC40D500270BB4 /* Registration.swift */ = {isa = PBXFileReference; lastKnownFileType = sourcecode.swift; path = Registration.swift; sourceTree = "<group>"; };
		F05214DC2BAC40DF00270BB4 /* Email.swift */ = {isa = PBXFileReference; lastKnownFileType = sourcecode.swift; path = Email.swift; sourceTree = "<group>"; };
		F05214DE2BAC40ED00270BB4 /* Password.swift */ = {isa = PBXFileReference; lastKnownFileType = sourcecode.swift; path = Password.swift; sourceTree = "<group>"; };
		F05214E02BAC412300270BB4 /* ShortHands.swift */ = {isa = PBXFileReference; lastKnownFileType = sourcecode.swift; path = ShortHands.swift; sourceTree = "<group>"; };
		F05214E22BAC41D100270BB4 /* Info.plist */ = {isa = PBXFileReference; lastKnownFileType = text.plist.xml; path = Info.plist; sourceTree = "<group>"; };
		F09BD76F2BB3C4EA00721777 /* timingContainer.swift */ = {isa = PBXFileReference; lastKnownFileType = sourcecode.swift; path = timingContainer.swift; sourceTree = "<group>"; };
		F09BD7712BB3E89E00721777 /* TimingsView.swift */ = {isa = PBXFileReference; lastKnownFileType = sourcecode.swift; path = TimingsView.swift; sourceTree = "<group>"; };
		F0A816CC2BB57A610085CF4C /* SideMenu.swift */ = {isa = PBXFileReference; lastKnownFileType = sourcecode.swift; path = SideMenu.swift; sourceTree = "<group>"; };
		F0A816CE2BB57B180085CF4C /* SideMenuHeader.swift */ = {isa = PBXFileReference; lastKnownFileType = sourcecode.swift; path = SideMenuHeader.swift; sourceTree = "<group>"; };
		F0AD35272BB2AABB0033C410 /* Dates.swift */ = {isa = PBXFileReference; lastKnownFileType = sourcecode.swift; path = Dates.swift; sourceTree = "<group>"; };
		F0AD35292BB2C51F0033C410 /* Timings.swift */ = {isa = PBXFileReference; lastKnownFileType = sourcecode.swift; path = Timings.swift; sourceTree = "<group>"; };
		F0BEF47A2BB14490004EB9F6 /* AppointmentRow.swift */ = {isa = PBXFileReference; lastKnownFileType = sourcecode.swift; path = AppointmentRow.swift; sourceTree = "<group>"; tabWidth = 4; };
		F0BEF47C2BB17D3B004EB9F6 /* BookAppointment.swift */ = {isa = PBXFileReference; lastKnownFileType = sourcecode.swift; path = BookAppointment.swift; sourceTree = "<group>"; };
		F0BEF47E2BB18236004EB9F6 /* BookViewModel.swift */ = {isa = PBXFileReference; lastKnownFileType = sourcecode.swift; path = BookViewModel.swift; sourceTree = "<group>"; };
		F0BEF4802BB182B2004EB9F6 /* Service.swift */ = {isa = PBXFileReference; lastKnownFileType = sourcecode.swift; path = Service.swift; sourceTree = "<group>"; };
		F0BEF4822BB18589004EB9F6 /* Infos.swift */ = {isa = PBXFileReference; lastKnownFileType = sourcecode.swift; path = Infos.swift; sourceTree = "<group>"; };
		F0BEF4842BB18829004EB9F6 /* WardList.swift */ = {isa = PBXFileReference; lastKnownFileType = sourcecode.swift; path = WardList.swift; sourceTree = "<group>"; };
		F0BEF4862BB18894004EB9F6 /* BookAppointmentService.swift */ = {isa = PBXFileReference; lastKnownFileType = sourcecode.swift; path = BookAppointmentService.swift; sourceTree = "<group>"; };
		F0D58F362BB5471400F3CD22 /* String.swift */ = {isa = PBXFileReference; lastKnownFileType = sourcecode.swift; path = String.swift; sourceTree = "<group>"; };
		F0D58F382BB549E700F3CD22 /* NoAppointment.swift */ = {isa = PBXFileReference; lastKnownFileType = sourcecode.swift; path = NoAppointment.swift; sourceTree = "<group>"; };
		F0E878B02BAD9477000ADA86 /* AppointmentCard.swift */ = {isa = PBXFileReference; lastKnownFileType = sourcecode.swift; path = AppointmentCard.swift; sourceTree = "<group>"; };
		F0E878B22BAD9504000ADA86 /* Dummy.swift */ = {isa = PBXFileReference; lastKnownFileType = sourcecode.swift; path = Dummy.swift; sourceTree = "<group>"; };
		F0E878B42BAD9895000ADA86 /* LogoText.swift */ = {isa = PBXFileReference; lastKnownFileType = sourcecode.swift; path = LogoText.swift; sourceTree = "<group>"; };
		F0ED1E172BAC3F1000214C03 /* DAS.app */ = {isa = PBXFileReference; explicitFileType = wrapper.application; includeInIndex = 0; path = DAS.app; sourceTree = BUILT_PRODUCTS_DIR; };
		F0ED1E1A2BAC3F1000214C03 /* DASApp.swift */ = {isa = PBXFileReference; lastKnownFileType = sourcecode.swift; path = DASApp.swift; sourceTree = "<group>"; };
		F0ED1E1E2BAC3F1100214C03 /* Assets.xcassets */ = {isa = PBXFileReference; lastKnownFileType = folder.assetcatalog; path = Assets.xcassets; sourceTree = "<group>"; };
		F0ED1E212BAC3F1100214C03 /* Preview Assets.xcassets */ = {isa = PBXFileReference; lastKnownFileType = folder.assetcatalog; path = "Preview Assets.xcassets"; sourceTree = "<group>"; };
		F0EF30002BAC601000BFC9AA /* WebService.swift */ = {isa = PBXFileReference; lastKnownFileType = sourcecode.swift; path = WebService.swift; sourceTree = "<group>"; };
		F0EF30032BAC614000BFC9AA /* SignIn.swift */ = {isa = PBXFileReference; lastKnownFileType = sourcecode.swift; path = SignIn.swift; sourceTree = "<group>"; };
		F0EF300A2BAD529400BFC9AA /* AppointmentsView.swift */ = {isa = PBXFileReference; lastKnownFileType = sourcecode.swift; path = AppointmentsView.swift; sourceTree = "<group>"; };
		F0EF300F2BAD545900BFC9AA /* Header.swift */ = {isa = PBXFileReference; lastKnownFileType = sourcecode.swift; path = Header.swift; sourceTree = "<group>"; };
		F0EF30122BAD5B0900BFC9AA /* BookButton.swift */ = {isa = PBXFileReference; lastKnownFileType = sourcecode.swift; path = BookButton.swift; sourceTree = "<group>"; };
		F0EF30152BAD62F700BFC9AA /* ApointmentViewModel.swift */ = {isa = PBXFileReference; lastKnownFileType = sourcecode.swift; path = ApointmentViewModel.swift; sourceTree = "<group>"; };
		F0EF30172BAD653F00BFC9AA /* Appoinments.swift */ = {isa = PBXFileReference; lastKnownFileType = sourcecode.swift; path = Appoinments.swift; sourceTree = "<group>"; };
		F0EF301A2BAD69AC00BFC9AA /* GetAppointmentService.swift */ = {isa = PBXFileReference; lastKnownFileType = sourcecode.swift; path = GetAppointmentService.swift; sourceTree = "<group>"; };
/* End PBXFileReference section */

/* Begin PBXFrameworksBuildPhase section */
		F0ED1E142BAC3F1000214C03 /* Frameworks */ = {
			isa = PBXFrameworksBuildPhase;
			buildActionMask = 2147483647;
			files = (
			);
			runOnlyForDeploymentPostprocessing = 0;
		};
/* End PBXFrameworksBuildPhase section */

/* Begin PBXGroup section */
		F05214D62BAC40A300270BB4 /* OnBoard */ = {
			isa = PBXGroup;
			children = (
				F0EF300D2BAD53F500BFC9AA /* View Model */,
				F0EF300C2BAD53EE00BFC9AA /* Views */,
			);
			path = OnBoard;
			sourceTree = "<group>";
		};
		F0A816CB2BB57A510085CF4C /* Shared */ = {
			isa = PBXGroup;
			children = (
				F0A816CC2BB57A610085CF4C /* SideMenu.swift */,
				F0A816CE2BB57B180085CF4C /* SideMenuHeader.swift */,
			);
			path = Shared;
			sourceTree = "<group>";
		};
		F0ED1E0E2BAC3F1000214C03 = {
			isa = PBXGroup;
			children = (
				F0ED1E192BAC3F1000214C03 /* DAS */,
				F0ED1E182BAC3F1000214C03 /* Products */,
			);
			sourceTree = "<group>";
		};
		F0ED1E182BAC3F1000214C03 /* Products */ = {
			isa = PBXGroup;
			children = (
				F0ED1E172BAC3F1000214C03 /* DAS.app */,
			);
			name = Products;
			sourceTree = "<group>";
		};
		F0ED1E192BAC3F1000214C03 /* DAS */ = {
			isa = PBXGroup;
			children = (
				F05214E22BAC41D100270BB4 /* Info.plist */,
				F0A816CB2BB57A510085CF4C /* Shared */,
				F0EF30022BAC612D00BFC9AA /* Model */,
				F0EF2FFE2BAC5FD200BFC9AA /* Services */,
				F0ED1E2B2BAC3F3300214C03 /* Utils */,
				F0ED1E2A2BAC3F2A00214C03 /* Extension */,
				F0ED1E292BAC3F2100214C03 /* Core */,
				F0ED1E1A2BAC3F1000214C03 /* DASApp.swift */,
				F0ED1E1E2BAC3F1100214C03 /* Assets.xcassets */,
				F0ED1E202BAC3F1100214C03 /* Preview Content */,
			);
			path = DAS;
			sourceTree = "<group>";
		};
		F0ED1E202BAC3F1100214C03 /* Preview Content */ = {
			isa = PBXGroup;
			children = (
				F0ED1E212BAC3F1100214C03 /* Preview Assets.xcassets */,
			);
			path = "Preview Content";
			sourceTree = "<group>";
		};
		F0ED1E292BAC3F2100214C03 /* Core */ = {
			isa = PBXGroup;
			children = (
				F0EF300E2BAD544800BFC9AA /* Components */,
				F0EF30072BAD526600BFC9AA /* Parent */,
				F05214D62BAC40A300270BB4 /* OnBoard */,
			);
			path = Core;
			sourceTree = "<group>";
		};
		F0ED1E2A2BAC3F2A00214C03 /* Extension */ = {
			isa = PBXGroup;
			children = (
				F0D58F362BB5471400F3CD22 /* String.swift */,
			);
			path = Extension;
			sourceTree = "<group>";
		};
		F0ED1E2B2BAC3F3300214C03 /* Utils */ = {
			isa = PBXGroup;
			children = (
				F05214E02BAC412300270BB4 /* ShortHands.swift */,
				F0E878B22BAD9504000ADA86 /* Dummy.swift */,
				F0BEF4822BB18589004EB9F6 /* Infos.swift */,
			);
			path = Utils;
			sourceTree = "<group>";
		};
		F0EF2FFE2BAC5FD200BFC9AA /* Services */ = {
			isa = PBXGroup;
			children = (
				F0EF30192BAD698A00BFC9AA /* Parent */,
				F0EF30002BAC601000BFC9AA /* WebService.swift */,
				F0BEF4802BB182B2004EB9F6 /* Service.swift */,
			);
			path = Services;
			sourceTree = "<group>";
		};
		F0EF30022BAC612D00BFC9AA /* Model */ = {
			isa = PBXGroup;
			children = (
				F0EF30032BAC614000BFC9AA /* SignIn.swift */,
				F0EF30172BAD653F00BFC9AA /* Appoinments.swift */,
				F0BEF4842BB18829004EB9F6 /* WardList.swift */,
				F0AD35272BB2AABB0033C410 /* Dates.swift */,
				F0AD35292BB2C51F0033C410 /* Timings.swift */,
			);
			path = Model;
			sourceTree = "<group>";
		};
		F0EF30072BAD526600BFC9AA /* Parent */ = {
			isa = PBXGroup;
			children = (
				F0EF30142BAD62D000BFC9AA /* View Model */,
				F0EF30092BAD528600BFC9AA /* Views */,
			);
			path = Parent;
			sourceTree = "<group>";
		};
		F0EF30092BAD528600BFC9AA /* Views */ = {
			isa = PBXGroup;
			children = (
				F0EF300A2BAD529400BFC9AA /* AppointmentsView.swift */,
				F0BEF47C2BB17D3B004EB9F6 /* BookAppointment.swift */,
			);
			path = Views;
			sourceTree = "<group>";
		};
		F0EF300C2BAD53EE00BFC9AA /* Views */ = {
			isa = PBXGroup;
			children = (
				F05214DE2BAC40ED00270BB4 /* Password.swift */,
				F05214DC2BAC40DF00270BB4 /* Email.swift */,
				F05214DA2BAC40D500270BB4 /* Registration.swift */,
				F05214CF2BAC404600270BB4 /* LogIn.swift */,
			);
			path = Views;
			sourceTree = "<group>";
		};
		F0EF300D2BAD53F500BFC9AA /* View Model */ = {
			isa = PBXGroup;
			children = (
				F05214D32BAC407900270BB4 /* LogInViewModel.swift */,
			);
			path = "View Model";
			sourceTree = "<group>";
		};
		F0EF300E2BAD544800BFC9AA /* Components */ = {
			isa = PBXGroup;
			children = (
				F0EF30112BAD5AE400BFC9AA /* Parent Components */,
				F0EF300F2BAD545900BFC9AA /* Header.swift */,
			);
			path = Components;
			sourceTree = "<group>";
		};
		F0EF30112BAD5AE400BFC9AA /* Parent Components */ = {
			isa = PBXGroup;
			children = (
				F0EF30122BAD5B0900BFC9AA /* BookButton.swift */,
				F0E878B02BAD9477000ADA86 /* AppointmentCard.swift */,
				F0E878B42BAD9895000ADA86 /* LogoText.swift */,
				F0BEF47A2BB14490004EB9F6 /* AppointmentRow.swift */,
				F09BD76F2BB3C4EA00721777 /* timingContainer.swift */,
				F09BD7712BB3E89E00721777 /* TimingsView.swift */,
				F0D58F382BB549E700F3CD22 /* NoAppointment.swift */,
			);
			path = "Parent Components";
			sourceTree = "<group>";
		};
		F0EF30142BAD62D000BFC9AA /* View Model */ = {
			isa = PBXGroup;
			children = (
				F0EF30152BAD62F700BFC9AA /* ApointmentViewModel.swift */,
				F0BEF47E2BB18236004EB9F6 /* BookViewModel.swift */,
			);
			path = "View Model";
			sourceTree = "<group>";
		};
		F0EF30192BAD698A00BFC9AA /* Parent */ = {
			isa = PBXGroup;
			children = (
				F0EF301A2BAD69AC00BFC9AA /* GetAppointmentService.swift */,
				F0BEF4862BB18894004EB9F6 /* BookAppointmentService.swift */,
			);
			path = Parent;
			sourceTree = "<group>";
		};
/* End PBXGroup section */

/* Begin PBXNativeTarget section */
		F0ED1E162BAC3F1000214C03 /* DAS */ = {
			isa = PBXNativeTarget;
			buildConfigurationList = F0ED1E252BAC3F1100214C03 /* Build configuration list for PBXNativeTarget "DAS" */;
			buildPhases = (
				F0ED1E132BAC3F1000214C03 /* Sources */,
				F0ED1E142BAC3F1000214C03 /* Frameworks */,
				F0ED1E152BAC3F1000214C03 /* Resources */,
			);
			buildRules = (
			);
			dependencies = (
			);
			name = DAS;
			productName = DAS;
			productReference = F0ED1E172BAC3F1000214C03 /* DAS.app */;
			productType = "com.apple.product-type.application";
		};
/* End PBXNativeTarget section */

/* Begin PBXProject section */
		F0ED1E0F2BAC3F1000214C03 /* Project object */ = {
			isa = PBXProject;
			attributes = {
				BuildIndependentTargetsInParallel = 1;
				LastSwiftUpdateCheck = 1500;
				LastUpgradeCheck = 1500;
				TargetAttributes = {
					F0ED1E162BAC3F1000214C03 = {
						CreatedOnToolsVersion = 15.0.1;
					};
				};
			};
			buildConfigurationList = F0ED1E122BAC3F1000214C03 /* Build configuration list for PBXProject "DAS" */;
			compatibilityVersion = "Xcode 14.0";
			developmentRegion = en;
			hasScannedForEncodings = 0;
			knownRegions = (
				en,
				Base,
			);
			mainGroup = F0ED1E0E2BAC3F1000214C03;
			productRefGroup = F0ED1E182BAC3F1000214C03 /* Products */;
			projectDirPath = "";
			projectRoot = "";
			targets = (
				F0ED1E162BAC3F1000214C03 /* DAS */,
			);
		};
/* End PBXProject section */

/* Begin PBXResourcesBuildPhase section */
		F0ED1E152BAC3F1000214C03 /* Resources */ = {
			isa = PBXResourcesBuildPhase;
			buildActionMask = 2147483647;
			files = (
				F0ED1E222BAC3F1100214C03 /* Preview Assets.xcassets in Resources */,
				F0ED1E1F2BAC3F1100214C03 /* Assets.xcassets in Resources */,
			);
			runOnlyForDeploymentPostprocessing = 0;
		};
/* End PBXResourcesBuildPhase section */

/* Begin PBXSourcesBuildPhase section */
		F0ED1E132BAC3F1000214C03 /* Sources */ = {
			isa = PBXSourcesBuildPhase;
			buildActionMask = 2147483647;
			files = (
				F0A816CD2BB57A610085CF4C /* SideMenu.swift in Sources */,
				F0EF30012BAC601000BFC9AA /* WebService.swift in Sources */,
				F0BEF4812BB182B2004EB9F6 /* Service.swift in Sources */,
				F05214D02BAC404600270BB4 /* LogIn.swift in Sources */,
				F0E878B12BAD9477000ADA86 /* AppointmentCard.swift in Sources */,
				F0D58F372BB5471400F3CD22 /* String.swift in Sources */,
				F0E878B52BAD9895000ADA86 /* LogoText.swift in Sources */,
				F05214E12BAC412300270BB4 /* ShortHands.swift in Sources */,
				F0BEF47F2BB18236004EB9F6 /* BookViewModel.swift in Sources */,
				F0EF300B2BAD529400BFC9AA /* AppointmentsView.swift in Sources */,
				F09BD7722BB3E89E00721777 /* TimingsView.swift in Sources */,
				F0EF30102BAD545900BFC9AA /* Header.swift in Sources */,
				F0EF30162BAD62F700BFC9AA /* ApointmentViewModel.swift in Sources */,
				F0BEF4852BB18829004EB9F6 /* WardList.swift in Sources */,
				F0EF301B2BAD69AC00BFC9AA /* GetAppointmentService.swift in Sources */,
				F05214DD2BAC40DF00270BB4 /* Email.swift in Sources */,
				F0BEF4872BB18894004EB9F6 /* BookAppointmentService.swift in Sources */,
				F0AD35282BB2AABB0033C410 /* Dates.swift in Sources */,
				F0BEF4832BB18589004EB9F6 /* Infos.swift in Sources */,
				F0EF30132BAD5B0900BFC9AA /* BookButton.swift in Sources */,
				F09BD7702BB3C4EA00721777 /* timingContainer.swift in Sources */,
				F05214DF2BAC40ED00270BB4 /* Password.swift in Sources */,
				F0AD352A2BB2C51F0033C410 /* Timings.swift in Sources */,
				F05214D42BAC407900270BB4 /* LogInViewModel.swift in Sources */,
				F05214DB2BAC40D500270BB4 /* Registration.swift in Sources */,
				F0EF30042BAC614000BFC9AA /* SignIn.swift in Sources */,
				F0D58F392BB549E700F3CD22 /* NoAppointment.swift in Sources */,
				F0EF30182BAD653F00BFC9AA /* Appoinments.swift in Sources */,
				F0E878B32BAD9504000ADA86 /* Dummy.swift in Sources */,
				F0A816CF2BB57B180085CF4C /* SideMenuHeader.swift in Sources */,
				F0BEF47B2BB14490004EB9F6 /* AppointmentRow.swift in Sources */,
				F0BEF47D2BB17D3B004EB9F6 /* BookAppointment.swift in Sources */,
				F0ED1E1B2BAC3F1000214C03 /* DASApp.swift in Sources */,
			);
			runOnlyForDeploymentPostprocessing = 0;
		};
/* End PBXSourcesBuildPhase section */

/* Begin XCBuildConfiguration section */
		F0ED1E232BAC3F1100214C03 /* Debug */ = {
			isa = XCBuildConfiguration;
			buildSettings = {
				ALWAYS_SEARCH_USER_PATHS = NO;
				ASSETCATALOG_COMPILER_GENERATE_SWIFT_ASSET_SYMBOL_EXTENSIONS = YES;
				CLANG_ANALYZER_NONNULL = YES;
				CLANG_ANALYZER_NUMBER_OBJECT_CONVERSION = YES_AGGRESSIVE;
				CLANG_CXX_LANGUAGE_STANDARD = "gnu++20";
				CLANG_ENABLE_MODULES = YES;
				CLANG_ENABLE_OBJC_ARC = YES;
				CLANG_ENABLE_OBJC_WEAK = YES;
				CLANG_WARN_BLOCK_CAPTURE_AUTORELEASING = YES;
				CLANG_WARN_BOOL_CONVERSION = YES;
				CLANG_WARN_COMMA = YES;
				CLANG_WARN_CONSTANT_CONVERSION = YES;
				CLANG_WARN_DEPRECATED_OBJC_IMPLEMENTATIONS = YES;
				CLANG_WARN_DIRECT_OBJC_ISA_USAGE = YES_ERROR;
				CLANG_WARN_DOCUMENTATION_COMMENTS = YES;
				CLANG_WARN_EMPTY_BODY = YES;
				CLANG_WARN_ENUM_CONVERSION = YES;
				CLANG_WARN_INFINITE_RECURSION = YES;
				CLANG_WARN_INT_CONVERSION = YES;
				CLANG_WARN_NON_LITERAL_NULL_CONVERSION = YES;
				CLANG_WARN_OBJC_IMPLICIT_RETAIN_SELF = YES;
				CLANG_WARN_OBJC_LITERAL_CONVERSION = YES;
				CLANG_WARN_OBJC_ROOT_CLASS = YES_ERROR;
				CLANG_WARN_QUOTED_INCLUDE_IN_FRAMEWORK_HEADER = YES;
				CLANG_WARN_RANGE_LOOP_ANALYSIS = YES;
				CLANG_WARN_STRICT_PROTOTYPES = YES;
				CLANG_WARN_SUSPICIOUS_MOVE = YES;
				CLANG_WARN_UNGUARDED_AVAILABILITY = YES_AGGRESSIVE;
				CLANG_WARN_UNREACHABLE_CODE = YES;
				CLANG_WARN__DUPLICATE_METHOD_MATCH = YES;
				COPY_PHASE_STRIP = NO;
				DEBUG_INFORMATION_FORMAT = dwarf;
				ENABLE_STRICT_OBJC_MSGSEND = YES;
				ENABLE_TESTABILITY = YES;
				ENABLE_USER_SCRIPT_SANDBOXING = YES;
				GCC_C_LANGUAGE_STANDARD = gnu17;
				GCC_DYNAMIC_NO_PIC = NO;
				GCC_NO_COMMON_BLOCKS = YES;
				GCC_OPTIMIZATION_LEVEL = 0;
				GCC_PREPROCESSOR_DEFINITIONS = (
					"DEBUG=1",
					"$(inherited)",
				);
				GCC_WARN_64_TO_32_BIT_CONVERSION = YES;
				GCC_WARN_ABOUT_RETURN_TYPE = YES_ERROR;
				GCC_WARN_UNDECLARED_SELECTOR = YES;
				GCC_WARN_UNINITIALIZED_AUTOS = YES_AGGRESSIVE;
				GCC_WARN_UNUSED_FUNCTION = YES;
				GCC_WARN_UNUSED_VARIABLE = YES;
				IPHONEOS_DEPLOYMENT_TARGET = 17.0;
				LOCALIZATION_PREFERS_STRING_CATALOGS = YES;
				MTL_ENABLE_DEBUG_INFO = INCLUDE_SOURCE;
				MTL_FAST_MATH = YES;
				ONLY_ACTIVE_ARCH = YES;
				SDKROOT = iphoneos;
				SWIFT_ACTIVE_COMPILATION_CONDITIONS = "DEBUG $(inherited)";
				SWIFT_OPTIMIZATION_LEVEL = "-Onone";
			};
			name = Debug;
		};
		F0ED1E242BAC3F1100214C03 /* Release */ = {
			isa = XCBuildConfiguration;
			buildSettings = {
				ALWAYS_SEARCH_USER_PATHS = NO;
				ASSETCATALOG_COMPILER_GENERATE_SWIFT_ASSET_SYMBOL_EXTENSIONS = YES;
				CLANG_ANALYZER_NONNULL = YES;
				CLANG_ANALYZER_NUMBER_OBJECT_CONVERSION = YES_AGGRESSIVE;
				CLANG_CXX_LANGUAGE_STANDARD = "gnu++20";
				CLANG_ENABLE_MODULES = YES;
				CLANG_ENABLE_OBJC_ARC = YES;
				CLANG_ENABLE_OBJC_WEAK = YES;
				CLANG_WARN_BLOCK_CAPTURE_AUTORELEASING = YES;
				CLANG_WARN_BOOL_CONVERSION = YES;
				CLANG_WARN_COMMA = YES;
				CLANG_WARN_CONSTANT_CONVERSION = YES;
				CLANG_WARN_DEPRECATED_OBJC_IMPLEMENTATIONS = YES;
				CLANG_WARN_DIRECT_OBJC_ISA_USAGE = YES_ERROR;
				CLANG_WARN_DOCUMENTATION_COMMENTS = YES;
				CLANG_WARN_EMPTY_BODY = YES;
				CLANG_WARN_ENUM_CONVERSION = YES;
				CLANG_WARN_INFINITE_RECURSION = YES;
				CLANG_WARN_INT_CONVERSION = YES;
				CLANG_WARN_NON_LITERAL_NULL_CONVERSION = YES;
				CLANG_WARN_OBJC_IMPLICIT_RETAIN_SELF = YES;
				CLANG_WARN_OBJC_LITERAL_CONVERSION = YES;
				CLANG_WARN_OBJC_ROOT_CLASS = YES_ERROR;
				CLANG_WARN_QUOTED_INCLUDE_IN_FRAMEWORK_HEADER = YES;
				CLANG_WARN_RANGE_LOOP_ANALYSIS = YES;
				CLANG_WARN_STRICT_PROTOTYPES = YES;
				CLANG_WARN_SUSPICIOUS_MOVE = YES;
				CLANG_WARN_UNGUARDED_AVAILABILITY = YES_AGGRESSIVE;
				CLANG_WARN_UNREACHABLE_CODE = YES;
				CLANG_WARN__DUPLICATE_METHOD_MATCH = YES;
				COPY_PHASE_STRIP = NO;
				DEBUG_INFORMATION_FORMAT = "dwarf-with-dsym";
				ENABLE_NS_ASSERTIONS = NO;
				ENABLE_STRICT_OBJC_MSGSEND = YES;
				ENABLE_USER_SCRIPT_SANDBOXING = YES;
				GCC_C_LANGUAGE_STANDARD = gnu17;
				GCC_NO_COMMON_BLOCKS = YES;
				GCC_WARN_64_TO_32_BIT_CONVERSION = YES;
				GCC_WARN_ABOUT_RETURN_TYPE = YES_ERROR;
				GCC_WARN_UNDECLARED_SELECTOR = YES;
				GCC_WARN_UNINITIALIZED_AUTOS = YES_AGGRESSIVE;
				GCC_WARN_UNUSED_FUNCTION = YES;
				GCC_WARN_UNUSED_VARIABLE = YES;
				IPHONEOS_DEPLOYMENT_TARGET = 17.0;
				LOCALIZATION_PREFERS_STRING_CATALOGS = YES;
				MTL_ENABLE_DEBUG_INFO = NO;
				MTL_FAST_MATH = YES;
				SDKROOT = iphoneos;
				SWIFT_COMPILATION_MODE = wholemodule;
				VALIDATE_PRODUCT = YES;
			};
			name = Release;
		};
		F0ED1E262BAC3F1100214C03 /* Debug */ = {
			isa = XCBuildConfiguration;
			buildSettings = {
				ASSETCATALOG_COMPILER_APPICON_NAME = AppIcon;
				ASSETCATALOG_COMPILER_GLOBAL_ACCENT_COLOR_NAME = AccentColor;
				CODE_SIGN_IDENTITY = "Apple Development";
				CODE_SIGN_STYLE = Automatic;
				CURRENT_PROJECT_VERSION = 1;
				DEVELOPMENT_ASSET_PATHS = "\"DAS/Preview Content\"";
				DEVELOPMENT_TEAM = KSA73ZAW3Z;
				ENABLE_PREVIEWS = YES;
				GENERATE_INFOPLIST_FILE = YES;
				INFOPLIST_FILE = DAS/Info.plist;
				INFOPLIST_KEY_UIApplicationSceneManifest_Generation = YES;
				INFOPLIST_KEY_UIApplicationSupportsIndirectInputEvents = YES;
				INFOPLIST_KEY_UILaunchScreen_Generation = YES;
				INFOPLIST_KEY_UISupportedInterfaceOrientations_iPad = "UIInterfaceOrientationPortrait UIInterfaceOrientationPortraitUpsideDown UIInterfaceOrientationLandscapeLeft UIInterfaceOrientationLandscapeRight";
				INFOPLIST_KEY_UISupportedInterfaceOrientations_iPhone = "UIInterfaceOrientationPortrait UIInterfaceOrientationLandscapeLeft UIInterfaceOrientationLandscapeRight";
				LD_RUNPATH_SEARCH_PATHS = (
					"$(inherited)",
					"@executable_path/Frameworks",
				);
				MARKETING_VERSION = 1.0;
				PRODUCT_BUNDLE_IDENTIFIER = com.tuna.geek.DAS;
				PRODUCT_NAME = "$(TARGET_NAME)";
				PROVISIONING_PROFILE_SPECIFIER = "";
				SWIFT_EMIT_LOC_STRINGS = YES;
				SWIFT_VERSION = 5.0;
				TARGETED_DEVICE_FAMILY = "1,2";
			};
			name = Debug;
		};
		F0ED1E272BAC3F1100214C03 /* Release */ = {
			isa = XCBuildConfiguration;
			buildSettings = {
				ASSETCATALOG_COMPILER_APPICON_NAME = AppIcon;
				ASSETCATALOG_COMPILER_GLOBAL_ACCENT_COLOR_NAME = AccentColor;
				CODE_SIGN_IDENTITY = "Apple Development";
				CODE_SIGN_STYLE = Automatic;
				CURRENT_PROJECT_VERSION = 1;
				DEVELOPMENT_ASSET_PATHS = "\"DAS/Preview Content\"";
				DEVELOPMENT_TEAM = KSA73ZAW3Z;
				ENABLE_PREVIEWS = YES;
				GENERATE_INFOPLIST_FILE = YES;
				INFOPLIST_FILE = DAS/Info.plist;
				INFOPLIST_KEY_UIApplicationSceneManifest_Generation = YES;
				INFOPLIST_KEY_UIApplicationSupportsIndirectInputEvents = YES;
				INFOPLIST_KEY_UILaunchScreen_Generation = YES;
				INFOPLIST_KEY_UISupportedInterfaceOrientations_iPad = "UIInterfaceOrientationPortrait UIInterfaceOrientationPortraitUpsideDown UIInterfaceOrientationLandscapeLeft UIInterfaceOrientationLandscapeRight";
				INFOPLIST_KEY_UISupportedInterfaceOrientations_iPhone = "UIInterfaceOrientationPortrait UIInterfaceOrientationLandscapeLeft UIInterfaceOrientationLandscapeRight";
				LD_RUNPATH_SEARCH_PATHS = (
					"$(inherited)",
					"@executable_path/Frameworks",
				);
				MARKETING_VERSION = 1.0;
				PRODUCT_BUNDLE_IDENTIFIER = com.tuna.geek.DAS;
				PRODUCT_NAME = "$(TARGET_NAME)";
				PROVISIONING_PROFILE_SPECIFIER = "";
				SWIFT_EMIT_LOC_STRINGS = YES;
				SWIFT_VERSION = 5.0;
				TARGETED_DEVICE_FAMILY = "1,2";
			};
			name = Release;
		};
/* End XCBuildConfiguration section */

/* Begin XCConfigurationList section */
		F0ED1E122BAC3F1000214C03 /* Build configuration list for PBXProject "DAS" */ = {
			isa = XCConfigurationList;
			buildConfigurations = (
				F0ED1E232BAC3F1100214C03 /* Debug */,
				F0ED1E242BAC3F1100214C03 /* Release */,
			);
			defaultConfigurationIsVisible = 0;
			defaultConfigurationName = Release;
		};
		F0ED1E252BAC3F1100214C03 /* Build configuration list for PBXNativeTarget "DAS" */ = {
			isa = XCConfigurationList;
			buildConfigurations = (
				F0ED1E262BAC3F1100214C03 /* Debug */,
				F0ED1E272BAC3F1100214C03 /* Release */,
			);
			defaultConfigurationIsVisible = 0;
			defaultConfigurationName = Release;
		};
/* End XCConfigurationList section */
	};
	rootObject = F0ED1E0F2BAC3F1000214C03 /* Project object */;
}
